
Microsoft Visual Studio Solution File, Format Version 12.00
# Visual Studio 14
VisualStudioVersion = 14.0.25123.0
MinimumVisualStudioVersion = 10.0.40219.1
Project("{FAE04EC0-301F-11D3-BF4B-00C04F79EFBC}") = "ConsoleCS", "ConsoleCS\ConsoleCS.csproj", "{AA21201E-16CB-4A51-90C7-FF0937565799}"
EndProject
Project("{FAE04EC0-301F-11D3-BF4B-00C04F79EFBC}") = "ClassLibraryCS", "ClassLibraryCS\ClassLibraryCS.csproj", "{57653A25-FFDD-4B5A-9818-347182498488}"
EndProject
Project("{2150E333-8FDC-42A3-9474-1A3956D46DE8}") = "SharedBinaries", "SharedBinaries", "{9A78DEE7-EF93-42C6-B390-E56FD93FB783}"
	ProjectSection(SolutionItems) = preProject
		SharedBinaries\Newtonsoft.Json.dll = SharedBinaries\Newtonsoft.Json.dll
		SharedBinaries\Newtonsoft.Json.pdb = SharedBinaries\Newtonsoft.Json.pdb
		SharedBinaries\Newtonsoft.Json.xml = SharedBinaries\Newtonsoft.Json.xml
	EndProjectSection
EndProject
Global
	GlobalSection(SolutionConfigurationPlatforms) = preSolution
		Debug|Any CPU = Debug|Any CPU
		Release|Any CPU = Release|Any CPU
	EndGlobalSection
	GlobalSection(ProjectConfigurationPlatforms) = postSolution
		{AA21201E-16CB-4A51-90C7-FF0937565799}.Debug|Any CPU.ActiveCfg = Debug|Any CPU
		{AA21201E-16CB-4A51-90C7-FF0937565799}.Debug|Any CPU.Build.0 = Debug|Any CPU
		{AA21201E-16CB-4A51-90C7-FF0937565799}.Release|Any CPU.ActiveCfg = Release|Any CPU
		{AA21201E-16CB-4A51-90C7-FF0937565799}.Release|Any CPU.Build.0 = Release|Any CPU
		{57653A25-FFDD-4B5A-9818-347182498488}.Debug|Any CPU.ActiveCfg = Debug|Any CPU
		{57653A25-FFDD-4B5A-9818-347182498488}.Debug|Any CPU.Build.0 = Debug|Any CPU
		{57653A25-FFDD-4B5A-9818-347182498488}.Release|Any CPU.ActiveCfg = Release|Any CPU
		{57653A25-FFDD-4B5A-9818-347182498488}.Release|Any CPU.Build.0 = Release|Any CPU
	EndGlobalSection
	GlobalSection(SolutionProperties) = preSolution
		HideSolutionNode = FALSE
	EndGlobalSection
EndGlobal
