
Microsoft Visual Studio Solution File, Format Version 12.00
# Visual Studio 14
VisualStudioVersion = 14.0.25123.0
MinimumVisualStudioVersion = 10.0.40219.1
Project("{FAE04EC0-301F-11D3-BF4B-00C04F79EFBC}") = "StrategyPattern", "StrategyPattern\StrategyPattern.csproj", "{CDB75877-91C2-4BAB-9F9E-A20812FDC90D}"
EndProject
Project("{FAE04EC0-301F-11D3-BF4B-00C04F79EFBC}") = "StrategyPatternConsole", "StrategyPatternConsole\StrategyPatternConsole.csproj", "{EE6FF540-5D28-434F-BB38-6AB9BEC773AF}"
EndProject
Global
	GlobalSection(SolutionConfigurationPlatforms) = preSolution
		Debug|Any CPU = Debug|Any CPU
		Release|Any CPU = Release|Any CPU
	EndGlobalSection
	GlobalSection(ProjectConfigurationPlatforms) = postSolution
		{CDB75877-91C2-4BAB-9F9E-A20812FDC90D}.Debug|Any CPU.ActiveCfg = Debug|Any CPU
		{CDB75877-91C2-4BAB-9F9E-A20812FDC90D}.Debug|Any CPU.Build.0 = Debug|Any CPU
		{CDB75877-91C2-4BAB-9F9E-A20812FDC90D}.Release|Any CPU.ActiveCfg = Release|Any CPU
		{CDB75877-91C2-4BAB-9F9E-A20812FDC90D}.Release|Any CPU.Build.0 = Release|Any CPU
		{EE6FF540-5D28-434F-BB38-6AB9BEC773AF}.Debug|Any CPU.ActiveCfg = Debug|Any CPU
		{EE6FF540-5D28-434F-BB38-6AB9BEC773AF}.Debug|Any CPU.Build.0 = Debug|Any CPU
		{EE6FF540-5D28-434F-BB38-6AB9BEC773AF}.Release|Any CPU.ActiveCfg = Release|Any CPU
		{EE6FF540-5D28-434F-BB38-6AB9BEC773AF}.Release|Any CPU.Build.0 = Release|Any CPU
	EndGlobalSection
	GlobalSection(SolutionProperties) = preSolution
		HideSolutionNode = FALSE
	EndGlobalSection
EndGlobal
